
Microsoft Visual Studio Solution File, Format Version 12.00
# Visual Studio Version 17
VisualStudioVersion = 17.7.34024.191
MinimumVisualStudioVersion = 10.0.40219.1
Project("{FAE04EC0-301F-11D3-BF4B-00C04F79EFBC}") = "StateMachine", "StateMachine.csproj", "{3A04D1AF-750E-4E5E-8992-A5AB4EF412F3}"
EndProject
Global
	GlobalSection(SolutionConfigurationPlatforms) = preSolution
		Debug|Any CPU = Debug|Any CPU
		Release|Any CPU = Release|Any CPU
	EndGlobalSection
	GlobalSection(ProjectConfigurationPlatforms) = postSolution
		{3A04D1AF-750E-4E5E-8992-A5AB4EF412F3}.Debug|Any CPU.ActiveCfg = Debug|Any CPU
		{3A04D1AF-750E-4E5E-8992-A5AB4EF412F3}.Debug|Any CPU.Build.0 = Debug|Any CPU
		{3A04D1AF-750E-4E5E-8992-A5AB4EF412F3}.Release|Any CPU.ActiveCfg = Release|Any CPU
		{3A04D1AF-750E-4E5E-8992-A5AB4EF412F3}.Release|Any CPU.Build.0 = Release|Any CPU
	EndGlobalSection
	GlobalSection(SolutionProperties) = preSolution
		HideSolutionNode = FALSE
	EndGlobalSection
	GlobalSection(ExtensibilityGlobals) = postSolution
		SolutionGuid = {909C68BA-BD69-4DB0-A1A7-B2E43D36AF48}
	EndGlobalSection
EndGlobal
